{
  "name": "powerpoint-addons",
  "version": "1.0.0",
  "lockfileVersion": 3,
  "requires": true,
  "packages": {
    "": {
      "name": "powerpoint-addons",
      "version": "1.0.0",
      "license": "ISC",
      "dependencies": {
        "@highlightjs/cdn-assets": "^11.12.0"
      }
    },
    "node_modules/@highlightjs/cdn-assets": {
      "version": "11.12.0",
      "resolved": "https://registry.npmjs.org/@highlightjs/cdn-assets/-/cdn-assets-11.12.0.tgz",
      "integrity": "sha512-KvOKXODaiFmId9xaq3xc5xCL66wVLUuOngDbO9B/kewbFTqdGbn2nJxNhN3H5R1cgDTVj6R8vH0zgiNDEGjpDw==",
      "license": "BSD-3-Clause",
      "engines": {
        "node": ">=12.0.0"
      }
    }
  }
}
